{
  "name": "suitmedia-submission",
  "version": "1.0.0",
  "lockfileVersion": 2,
  "requires": true,
  "packages": {
    "": {
      "name": "suitmedia-submission",
      "version": "1.0.0",
      "license": "ISC",
      "dependencies": {
        "sweetalert2": "^11.4.23",
        "swiper": "^8.3.1"
      },
      "devDependencies": {}
    },
    "node_modules/dom7": {
      "version": "4.0.4",
      "resolved": "https://registry.npmjs.org/dom7/-/dom7-4.0.4.tgz",
      "integrity": "sha512-DSSgBzQ4rJWQp1u6o+3FVwMNnT5bzQbMb+o31TjYYeRi05uAcpF8koxdfzeoe5ElzPmua7W7N28YJhF7iEKqIw==",
      "dependencies": {
        "ssr-window": "^4.0.0"
      }
    },
    "node_modules/ssr-window": {
      "version": "4.0.2",
      "resolved": "https://registry.npmjs.org/ssr-window/-/ssr-window-4.0.2.tgz",
      "integrity": "sha512-ISv/Ch+ig7SOtw7G2+qkwfVASzazUnvlDTwypdLoPoySv+6MqlOV10VwPSE6EWkGjhW50lUmghPmpYZXMu/+AQ=="
    },
    "node_modules/sweetalert2": {
      "version": "11.4.23",
      "resolved": "https://registry.npmjs.org/sweetalert2/-/sweetalert2-11.4.23.tgz",
      "integrity": "sha512-BfO0gIIHu4SJiixBHpCmd74W+EkORJPX9zy5HLp6vkMAz7RsUED7BhrOBEYrYYgw9nnbxYOwzJDDVPNuK1JQtQ==",
      "funding": {
        "type": "individual",
        "url": "https://sweetalert2.github.io/#donations"
      }
    },
    "node_modules/swiper": {
      "version": "8.3.1",
      "resolved": "https://registry.npmjs.org/swiper/-/swiper-8.3.1.tgz",
      "integrity": "sha512-oASYsulsERlbQVTZ8FjlTDJSN4YZwhp+AkvepOj8EOhgpvxzKoMpWpBPrk7ypkMioQUx6x2NPvkRU0Qv9mpS0A==",
      "funding": [
        {
          "type": "patreon",
          "url": "https://www.patreon.com/swiperjs"
        },
        {
          "type": "open_collective",
          "url": "http://opencollective.com/swiper"
        }
      ],
      "hasInstallScript": true,
      "dependencies": {
        "dom7": "^4.0.4",
        "ssr-window": "^4.0.2"
      },
      "engines": {
        "node": ">= 4.7.0"
      }
    }
  },
  "dependencies": {
    "dom7": {
      "version": "4.0.4",
      "resolved": "https://registry.npmjs.org/dom7/-/dom7-4.0.4.tgz",
      "integrity": "sha512-DSSgBzQ4rJWQp1u6o+3FVwMNnT5bzQbMb+o31TjYYeRi05uAcpF8koxdfzeoe5ElzPmua7W7N28YJhF7iEKqIw==",
      "requires": {
        "ssr-window": "^4.0.0"
      }
    },
    "ssr-window": {
      "version": "4.0.2",
      "resolved": "https://registry.npmjs.org/ssr-window/-/ssr-window-4.0.2.tgz",
      "integrity": "sha512-ISv/Ch+ig7SOtw7G2+qkwfVASzazUnvlDTwypdLoPoySv+6MqlOV10VwPSE6EWkGjhW50lUmghPmpYZXMu/+AQ=="
    },
    "sweetalert2": {
      "version": "11.4.23",
      "resolved": "https://registry.npmjs.org/sweetalert2/-/sweetalert2-11.4.23.tgz",
      "integrity": "sha512-BfO0gIIHu4SJiixBHpCmd74W+EkORJPX9zy5HLp6vkMAz7RsUED7BhrOBEYrYYgw9nnbxYOwzJDDVPNuK1JQtQ=="
    },
    "swiper": {
      "version": "8.3.1",
      "resolved": "https://registry.npmjs.org/swiper/-/swiper-8.3.1.tgz",
      "integrity": "sha512-oASYsulsERlbQVTZ8FjlTDJSN4YZwhp+AkvepOj8EOhgpvxzKoMpWpBPrk7ypkMioQUx6x2NPvkRU0Qv9mpS0A==",
      "requires": {
        "dom7": "^4.0.4",
        "ssr-window": "^4.0.2"
      }
    }
  }
}
